
Microsoft Visual Studio Solution File, Format Version 12.00
# Visual Studio 15
VisualStudioVersion = 15.0.26124.0
MinimumVisualStudioVersion = 15.0.26124.0
Project("{FAE04EC0-301F-11D3-BF4B-00C04F79EFBC}") = "Day16.Library", "Day16.Library\Day16.Library.csproj", "{A8B60CA2-96E1-49B5-977B-3BDC65C80C40}"
EndProject
Project("{FAE04EC0-301F-11D3-BF4B-00C04F79EFBC}") = "Day16.Tests", "Day16.Tests\Day16.Tests.csproj", "{13AB2052-3504-416D-8490-C672585F106C}"
EndProject
Global
	GlobalSection(SolutionConfigurationPlatforms) = preSolution
		Debug|Any CPU = Debug|Any CPU
		Debug|x64 = Debug|x64
		Debug|x86 = Debug|x86
		Release|Any CPU = Release|Any CPU
		Release|x64 = Release|x64
		Release|x86 = Release|x86
	EndGlobalSection
	GlobalSection(SolutionProperties) = preSolution
		HideSolutionNode = FALSE
	EndGlobalSection
	GlobalSection(ProjectConfigurationPlatforms) = postSolution
		{A8B60CA2-96E1-49B5-977B-3BDC65C80C40}.Debug|Any CPU.ActiveCfg = Debug|Any CPU
		{A8B60CA2-96E1-49B5-977B-3BDC65C80C40}.Debug|Any CPU.Build.0 = Debug|Any CPU
		{A8B60CA2-96E1-49B5-977B-3BDC65C80C40}.Debug|x64.ActiveCfg = Debug|Any CPU
		{A8B60CA2-96E1-49B5-977B-3BDC65C80C40}.Debug|x64.Build.0 = Debug|Any CPU
		{A8B60CA2-96E1-49B5-977B-3BDC65C80C40}.Debug|x86.ActiveCfg = Debug|Any CPU
		{A8B60CA2-96E1-49B5-977B-3BDC65C80C40}.Debug|x86.Build.0 = Debug|Any CPU
		{A8B60CA2-96E1-49B5-977B-3BDC65C80C40}.Release|Any CPU.ActiveCfg = Release|Any CPU
		{A8B60CA2-96E1-49B5-977B-3BDC65C80C40}.Release|Any CPU.Build.0 = Release|Any CPU
		{A8B60CA2-96E1-49B5-977B-3BDC65C80C40}.Release|x64.ActiveCfg = Release|Any CPU
		{A8B60CA2-96E1-49B5-977B-3BDC65C80C40}.Release|x64.Build.0 = Release|Any CPU
		{A8B60CA2-96E1-49B5-977B-3BDC65C80C40}.Release|x86.ActiveCfg = Release|Any CPU
		{A8B60CA2-96E1-49B5-977B-3BDC65C80C40}.Release|x86.Build.0 = Release|Any CPU
		{13AB2052-3504-416D-8490-C672585F106C}.Debug|Any CPU.ActiveCfg = Debug|Any CPU
		{13AB2052-3504-416D-8490-C672585F106C}.Debug|Any CPU.Build.0 = Debug|Any CPU
		{13AB2052-3504-416D-8490-C672585F106C}.Debug|x64.ActiveCfg = Debug|Any CPU
		{13AB2052-3504-416D-8490-C672585F106C}.Debug|x64.Build.0 = Debug|Any CPU
		{13AB2052-3504-416D-8490-C672585F106C}.Debug|x86.ActiveCfg = Debug|Any CPU
		{13AB2052-3504-416D-8490-C672585F106C}.Debug|x86.Build.0 = Debug|Any CPU
		{13AB2052-3504-416D-8490-C672585F106C}.Release|Any CPU.ActiveCfg = Release|Any CPU
		{13AB2052-3504-416D-8490-C672585F106C}.Release|Any CPU.Build.0 = Release|Any CPU
		{13AB2052-3504-416D-8490-C672585F106C}.Release|x64.ActiveCfg = Release|Any CPU
		{13AB2052-3504-416D-8490-C672585F106C}.Release|x64.Build.0 = Release|Any CPU
		{13AB2052-3504-416D-8490-C672585F106C}.Release|x86.ActiveCfg = Release|Any CPU
		{13AB2052-3504-416D-8490-C672585F106C}.Release|x86.Build.0 = Release|Any CPU
	EndGlobalSection
EndGlobal
