
Microsoft Visual Studio Solution File, Format Version 12.00
# Visual Studio 15
VisualStudioVersion = 15.0.26124.0
MinimumVisualStudioVersion = 15.0.26124.0
Project("{FAE04EC0-301F-11D3-BF4B-00C04F79EFBC}") = "Day12.ConsoleApp", "Day12.ConsoleApp\Day12.ConsoleApp.csproj", "{1B8E1BFD-9937-4291-A945-5FA897523617}"
EndProject
Project("{FAE04EC0-301F-11D3-BF4B-00C04F79EFBC}") = "Day12.Test", "Day12.Test\Day12.Test.csproj", "{967D9A16-3C2D-4FF2-A87F-C768899140EC}"
EndProject
Project("{FAE04EC0-301F-11D3-BF4B-00C04F79EFBC}") = "Day12.Library", "Day12.Library\Day12.Library.csproj", "{C7515997-8A73-45AC-B07F-5338A5C2F0FB}"
EndProject
Global
	GlobalSection(SolutionConfigurationPlatforms) = preSolution
		Debug|Any CPU = Debug|Any CPU
		Debug|x64 = Debug|x64
		Debug|x86 = Debug|x86
		Release|Any CPU = Release|Any CPU
		Release|x64 = Release|x64
		Release|x86 = Release|x86
	EndGlobalSection
	GlobalSection(SolutionProperties) = preSolution
		HideSolutionNode = FALSE
	EndGlobalSection
	GlobalSection(ProjectConfigurationPlatforms) = postSolution
		{1B8E1BFD-9937-4291-A945-5FA897523617}.Debug|Any CPU.ActiveCfg = Debug|Any CPU
		{1B8E1BFD-9937-4291-A945-5FA897523617}.Debug|Any CPU.Build.0 = Debug|Any CPU
		{1B8E1BFD-9937-4291-A945-5FA897523617}.Debug|x64.ActiveCfg = Debug|Any CPU
		{1B8E1BFD-9937-4291-A945-5FA897523617}.Debug|x64.Build.0 = Debug|Any CPU
		{1B8E1BFD-9937-4291-A945-5FA897523617}.Debug|x86.ActiveCfg = Debug|Any CPU
		{1B8E1BFD-9937-4291-A945-5FA897523617}.Debug|x86.Build.0 = Debug|Any CPU
		{1B8E1BFD-9937-4291-A945-5FA897523617}.Release|Any CPU.ActiveCfg = Release|Any CPU
		{1B8E1BFD-9937-4291-A945-5FA897523617}.Release|Any CPU.Build.0 = Release|Any CPU
		{1B8E1BFD-9937-4291-A945-5FA897523617}.Release|x64.ActiveCfg = Release|Any CPU
		{1B8E1BFD-9937-4291-A945-5FA897523617}.Release|x64.Build.0 = Release|Any CPU
		{1B8E1BFD-9937-4291-A945-5FA897523617}.Release|x86.ActiveCfg = Release|Any CPU
		{1B8E1BFD-9937-4291-A945-5FA897523617}.Release|x86.Build.0 = Release|Any CPU
		{967D9A16-3C2D-4FF2-A87F-C768899140EC}.Debug|Any CPU.ActiveCfg = Debug|Any CPU
		{967D9A16-3C2D-4FF2-A87F-C768899140EC}.Debug|Any CPU.Build.0 = Debug|Any CPU
		{967D9A16-3C2D-4FF2-A87F-C768899140EC}.Debug|x64.ActiveCfg = Debug|Any CPU
		{967D9A16-3C2D-4FF2-A87F-C768899140EC}.Debug|x64.Build.0 = Debug|Any CPU
		{967D9A16-3C2D-4FF2-A87F-C768899140EC}.Debug|x86.ActiveCfg = Debug|Any CPU
		{967D9A16-3C2D-4FF2-A87F-C768899140EC}.Debug|x86.Build.0 = Debug|Any CPU
		{967D9A16-3C2D-4FF2-A87F-C768899140EC}.Release|Any CPU.ActiveCfg = Release|Any CPU
		{967D9A16-3C2D-4FF2-A87F-C768899140EC}.Release|Any CPU.Build.0 = Release|Any CPU
		{967D9A16-3C2D-4FF2-A87F-C768899140EC}.Release|x64.ActiveCfg = Release|Any CPU
		{967D9A16-3C2D-4FF2-A87F-C768899140EC}.Release|x64.Build.0 = Release|Any CPU
		{967D9A16-3C2D-4FF2-A87F-C768899140EC}.Release|x86.ActiveCfg = Release|Any CPU
		{967D9A16-3C2D-4FF2-A87F-C768899140EC}.Release|x86.Build.0 = Release|Any CPU
		{C7515997-8A73-45AC-B07F-5338A5C2F0FB}.Debug|Any CPU.ActiveCfg = Debug|Any CPU
		{C7515997-8A73-45AC-B07F-5338A5C2F0FB}.Debug|Any CPU.Build.0 = Debug|Any CPU
		{C7515997-8A73-45AC-B07F-5338A5C2F0FB}.Debug|x64.ActiveCfg = Debug|Any CPU
		{C7515997-8A73-45AC-B07F-5338A5C2F0FB}.Debug|x64.Build.0 = Debug|Any CPU
		{C7515997-8A73-45AC-B07F-5338A5C2F0FB}.Debug|x86.ActiveCfg = Debug|Any CPU
		{C7515997-8A73-45AC-B07F-5338A5C2F0FB}.Debug|x86.Build.0 = Debug|Any CPU
		{C7515997-8A73-45AC-B07F-5338A5C2F0FB}.Release|Any CPU.ActiveCfg = Release|Any CPU
		{C7515997-8A73-45AC-B07F-5338A5C2F0FB}.Release|Any CPU.Build.0 = Release|Any CPU
		{C7515997-8A73-45AC-B07F-5338A5C2F0FB}.Release|x64.ActiveCfg = Release|Any CPU
		{C7515997-8A73-45AC-B07F-5338A5C2F0FB}.Release|x64.Build.0 = Release|Any CPU
		{C7515997-8A73-45AC-B07F-5338A5C2F0FB}.Release|x86.ActiveCfg = Release|Any CPU
		{C7515997-8A73-45AC-B07F-5338A5C2F0FB}.Release|x86.Build.0 = Release|Any CPU
	EndGlobalSection
EndGlobal
