
Microsoft Visual Studio Solution File, Format Version 12.00
# Visual Studio 15
VisualStudioVersion = 15.0.26124.0
MinimumVisualStudioVersion = 15.0.26124.0
Project("{FAE04EC0-301F-11D3-BF4B-00C04F79EFBC}") = "Day15.Library", "Day15.Library\Day15.Library.csproj", "{46A84254-7D3B-4EE5-9CB0-7EA8AC3B53D7}"
EndProject
Project("{FAE04EC0-301F-11D3-BF4B-00C04F79EFBC}") = "Day15.Tests", "Day15.Tests\Day15.Tests.csproj", "{4650A6D0-A5DA-4F07-90CA-5C31D26172CC}"
EndProject
Global
	GlobalSection(SolutionConfigurationPlatforms) = preSolution
		Debug|Any CPU = Debug|Any CPU
		Debug|x64 = Debug|x64
		Debug|x86 = Debug|x86
		Release|Any CPU = Release|Any CPU
		Release|x64 = Release|x64
		Release|x86 = Release|x86
	EndGlobalSection
	GlobalSection(SolutionProperties) = preSolution
		HideSolutionNode = FALSE
	EndGlobalSection
	GlobalSection(ProjectConfigurationPlatforms) = postSolution
		{46A84254-7D3B-4EE5-9CB0-7EA8AC3B53D7}.Debug|Any CPU.ActiveCfg = Debug|Any CPU
		{46A84254-7D3B-4EE5-9CB0-7EA8AC3B53D7}.Debug|Any CPU.Build.0 = Debug|Any CPU
		{46A84254-7D3B-4EE5-9CB0-7EA8AC3B53D7}.Debug|x64.ActiveCfg = Debug|Any CPU
		{46A84254-7D3B-4EE5-9CB0-7EA8AC3B53D7}.Debug|x64.Build.0 = Debug|Any CPU
		{46A84254-7D3B-4EE5-9CB0-7EA8AC3B53D7}.Debug|x86.ActiveCfg = Debug|Any CPU
		{46A84254-7D3B-4EE5-9CB0-7EA8AC3B53D7}.Debug|x86.Build.0 = Debug|Any CPU
		{46A84254-7D3B-4EE5-9CB0-7EA8AC3B53D7}.Release|Any CPU.ActiveCfg = Release|Any CPU
		{46A84254-7D3B-4EE5-9CB0-7EA8AC3B53D7}.Release|Any CPU.Build.0 = Release|Any CPU
		{46A84254-7D3B-4EE5-9CB0-7EA8AC3B53D7}.Release|x64.ActiveCfg = Release|Any CPU
		{46A84254-7D3B-4EE5-9CB0-7EA8AC3B53D7}.Release|x64.Build.0 = Release|Any CPU
		{46A84254-7D3B-4EE5-9CB0-7EA8AC3B53D7}.Release|x86.ActiveCfg = Release|Any CPU
		{46A84254-7D3B-4EE5-9CB0-7EA8AC3B53D7}.Release|x86.Build.0 = Release|Any CPU
		{4650A6D0-A5DA-4F07-90CA-5C31D26172CC}.Debug|Any CPU.ActiveCfg = Debug|Any CPU
		{4650A6D0-A5DA-4F07-90CA-5C31D26172CC}.Debug|Any CPU.Build.0 = Debug|Any CPU
		{4650A6D0-A5DA-4F07-90CA-5C31D26172CC}.Debug|x64.ActiveCfg = Debug|Any CPU
		{4650A6D0-A5DA-4F07-90CA-5C31D26172CC}.Debug|x64.Build.0 = Debug|Any CPU
		{4650A6D0-A5DA-4F07-90CA-5C31D26172CC}.Debug|x86.ActiveCfg = Debug|Any CPU
		{4650A6D0-A5DA-4F07-90CA-5C31D26172CC}.Debug|x86.Build.0 = Debug|Any CPU
		{4650A6D0-A5DA-4F07-90CA-5C31D26172CC}.Release|Any CPU.ActiveCfg = Release|Any CPU
		{4650A6D0-A5DA-4F07-90CA-5C31D26172CC}.Release|Any CPU.Build.0 = Release|Any CPU
		{4650A6D0-A5DA-4F07-90CA-5C31D26172CC}.Release|x64.ActiveCfg = Release|Any CPU
		{4650A6D0-A5DA-4F07-90CA-5C31D26172CC}.Release|x64.Build.0 = Release|Any CPU
		{4650A6D0-A5DA-4F07-90CA-5C31D26172CC}.Release|x86.ActiveCfg = Release|Any CPU
		{4650A6D0-A5DA-4F07-90CA-5C31D26172CC}.Release|x86.Build.0 = Release|Any CPU
	EndGlobalSection
EndGlobal
