
Microsoft Visual Studio Solution File, Format Version 12.00
# Visual Studio Version 16
VisualStudioVersion = 16.0.30717.126
MinimumVisualStudioVersion = 10.0.40219.1
Project("{FAE04EC0-301F-11D3-BF4B-00C04F79EFBC}") = "PhoneLetterCombinations", "PhoneLetterCombinations\PhoneLetterCombinations.csproj", "{900485FE-94C4-4A88-9ED7-3D8B7E2B6F1F}"
EndProject
Project("{FAE04EC0-301F-11D3-BF4B-00C04F79EFBC}") = "LetterCombinations.Test", "LetterCombinations.Test\LetterCombinations.Test.csproj", "{89C29F6B-7DE3-4F76-B352-068D95F3255F}"
EndProject
Global
	GlobalSection(SolutionConfigurationPlatforms) = preSolution
		Debug|Any CPU = Debug|Any CPU
		Release|Any CPU = Release|Any CPU
	EndGlobalSection
	GlobalSection(ProjectConfigurationPlatforms) = postSolution
		{900485FE-94C4-4A88-9ED7-3D8B7E2B6F1F}.Debug|Any CPU.ActiveCfg = Debug|Any CPU
		{900485FE-94C4-4A88-9ED7-3D8B7E2B6F1F}.Debug|Any CPU.Build.0 = Debug|Any CPU
		{900485FE-94C4-4A88-9ED7-3D8B7E2B6F1F}.Release|Any CPU.ActiveCfg = Release|Any CPU
		{900485FE-94C4-4A88-9ED7-3D8B7E2B6F1F}.Release|Any CPU.Build.0 = Release|Any CPU
		{89C29F6B-7DE3-4F76-B352-068D95F3255F}.Debug|Any CPU.ActiveCfg = Debug|Any CPU
		{89C29F6B-7DE3-4F76-B352-068D95F3255F}.Debug|Any CPU.Build.0 = Debug|Any CPU
		{89C29F6B-7DE3-4F76-B352-068D95F3255F}.Release|Any CPU.ActiveCfg = Release|Any CPU
		{89C29F6B-7DE3-4F76-B352-068D95F3255F}.Release|Any CPU.Build.0 = Release|Any CPU
	EndGlobalSection
	GlobalSection(SolutionProperties) = preSolution
		HideSolutionNode = FALSE
	EndGlobalSection
	GlobalSection(ExtensibilityGlobals) = postSolution
		SolutionGuid = {D8A3FA32-F213-45A3-89B2-8853A37FC6CC}
	EndGlobalSection
EndGlobal
