
Microsoft Visual Studio Solution File, Format Version 12.00
# Visual Studio Version 16
VisualStudioVersion = 16.0.30717.126
MinimumVisualStudioVersion = 10.0.40219.1
Project("{FAE04EC0-301F-11D3-BF4B-00C04F79EFBC}") = "JohnnyProgress", "JohnnyProgress\JohnnyProgress.csproj", "{DFC2B42F-E837-44D2-9A42-3751FD069DC2}"
EndProject
Project("{FAE04EC0-301F-11D3-BF4B-00C04F79EFBC}") = "JohnnyProgress.Test", "JohnnyProgress.Test\JohnnyProgress.Test.csproj", "{CF3E2533-B06E-4872-879B-A0F72490ABE1}"
EndProject
Global
	GlobalSection(SolutionConfigurationPlatforms) = preSolution
		Debug|Any CPU = Debug|Any CPU
		Release|Any CPU = Release|Any CPU
	EndGlobalSection
	GlobalSection(ProjectConfigurationPlatforms) = postSolution
		{DFC2B42F-E837-44D2-9A42-3751FD069DC2}.Debug|Any CPU.ActiveCfg = Debug|Any CPU
		{DFC2B42F-E837-44D2-9A42-3751FD069DC2}.Debug|Any CPU.Build.0 = Debug|Any CPU
		{DFC2B42F-E837-44D2-9A42-3751FD069DC2}.Release|Any CPU.ActiveCfg = Release|Any CPU
		{DFC2B42F-E837-44D2-9A42-3751FD069DC2}.Release|Any CPU.Build.0 = Release|Any CPU
		{CF3E2533-B06E-4872-879B-A0F72490ABE1}.Debug|Any CPU.ActiveCfg = Debug|Any CPU
		{CF3E2533-B06E-4872-879B-A0F72490ABE1}.Debug|Any CPU.Build.0 = Debug|Any CPU
		{CF3E2533-B06E-4872-879B-A0F72490ABE1}.Release|Any CPU.ActiveCfg = Release|Any CPU
		{CF3E2533-B06E-4872-879B-A0F72490ABE1}.Release|Any CPU.Build.0 = Release|Any CPU
	EndGlobalSection
	GlobalSection(SolutionProperties) = preSolution
		HideSolutionNode = FALSE
	EndGlobalSection
	GlobalSection(ExtensibilityGlobals) = postSolution
		SolutionGuid = {7B441C2C-CEEC-425E-91F0-5D1D9494C00F}
	EndGlobalSection
EndGlobal
