
Microsoft Visual Studio Solution File, Format Version 12.00
# Visual Studio Version 16
VisualStudioVersion = 16.0.30717.126
MinimumVisualStudioVersion = 10.0.40219.1
Project("{FAE04EC0-301F-11D3-BF4B-00C04F79EFBC}") = "MergeSortedArrays", "MergeSortedArrays\MergeSortedArrays.csproj", "{13774154-C3BD-4F90-B728-E23238675E63}"
EndProject
Project("{FAE04EC0-301F-11D3-BF4B-00C04F79EFBC}") = "MergeSortedArrays.Test", "MergeSortedArrays.Test\MergeSortedArrays.Test.csproj", "{33BD5457-435F-41C3-AFF8-610D69CCE1DF}"
EndProject
Global
	GlobalSection(SolutionConfigurationPlatforms) = preSolution
		Debug|Any CPU = Debug|Any CPU
		Release|Any CPU = Release|Any CPU
	EndGlobalSection
	GlobalSection(ProjectConfigurationPlatforms) = postSolution
		{13774154-C3BD-4F90-B728-E23238675E63}.Debug|Any CPU.ActiveCfg = Debug|Any CPU
		{13774154-C3BD-4F90-B728-E23238675E63}.Debug|Any CPU.Build.0 = Debug|Any CPU
		{13774154-C3BD-4F90-B728-E23238675E63}.Release|Any CPU.ActiveCfg = Release|Any CPU
		{13774154-C3BD-4F90-B728-E23238675E63}.Release|Any CPU.Build.0 = Release|Any CPU
		{33BD5457-435F-41C3-AFF8-610D69CCE1DF}.Debug|Any CPU.ActiveCfg = Debug|Any CPU
		{33BD5457-435F-41C3-AFF8-610D69CCE1DF}.Debug|Any CPU.Build.0 = Debug|Any CPU
		{33BD5457-435F-41C3-AFF8-610D69CCE1DF}.Release|Any CPU.ActiveCfg = Release|Any CPU
		{33BD5457-435F-41C3-AFF8-610D69CCE1DF}.Release|Any CPU.Build.0 = Release|Any CPU
	EndGlobalSection
	GlobalSection(SolutionProperties) = preSolution
		HideSolutionNode = FALSE
	EndGlobalSection
	GlobalSection(ExtensibilityGlobals) = postSolution
		SolutionGuid = {5A7DC9C1-5BEF-488E-B5FB-84B755839273}
	EndGlobalSection
EndGlobal
