
Microsoft Visual Studio Solution File, Format Version 12.00
# Visual Studio 15
VisualStudioVersion = 15.0.26124.0
MinimumVisualStudioVersion = 15.0.26124.0
Project("{FAE04EC0-301F-11D3-BF4B-00C04F79EFBC}") = "FindingNemo", "FindingNemo\FindingNemo.csproj", "{D1607118-6FFF-4E86-9B37-73C0C5344739}"
EndProject
Project("{FAE04EC0-301F-11D3-BF4B-00C04F79EFBC}") = "FindingNemo.Tests", "FindingNemo.Tests\FindingNemo.Tests.csproj", "{EC0BB168-A555-45E9-ADE2-F272FCB0622C}"
EndProject
Global
	GlobalSection(SolutionConfigurationPlatforms) = preSolution
		Debug|Any CPU = Debug|Any CPU
		Debug|x64 = Debug|x64
		Debug|x86 = Debug|x86
		Release|Any CPU = Release|Any CPU
		Release|x64 = Release|x64
		Release|x86 = Release|x86
	EndGlobalSection
	GlobalSection(SolutionProperties) = preSolution
		HideSolutionNode = FALSE
	EndGlobalSection
	GlobalSection(ProjectConfigurationPlatforms) = postSolution
		{D1607118-6FFF-4E86-9B37-73C0C5344739}.Debug|Any CPU.ActiveCfg = Debug|Any CPU
		{D1607118-6FFF-4E86-9B37-73C0C5344739}.Debug|Any CPU.Build.0 = Debug|Any CPU
		{D1607118-6FFF-4E86-9B37-73C0C5344739}.Debug|x64.ActiveCfg = Debug|Any CPU
		{D1607118-6FFF-4E86-9B37-73C0C5344739}.Debug|x64.Build.0 = Debug|Any CPU
		{D1607118-6FFF-4E86-9B37-73C0C5344739}.Debug|x86.ActiveCfg = Debug|Any CPU
		{D1607118-6FFF-4E86-9B37-73C0C5344739}.Debug|x86.Build.0 = Debug|Any CPU
		{D1607118-6FFF-4E86-9B37-73C0C5344739}.Release|Any CPU.ActiveCfg = Release|Any CPU
		{D1607118-6FFF-4E86-9B37-73C0C5344739}.Release|Any CPU.Build.0 = Release|Any CPU
		{D1607118-6FFF-4E86-9B37-73C0C5344739}.Release|x64.ActiveCfg = Release|Any CPU
		{D1607118-6FFF-4E86-9B37-73C0C5344739}.Release|x64.Build.0 = Release|Any CPU
		{D1607118-6FFF-4E86-9B37-73C0C5344739}.Release|x86.ActiveCfg = Release|Any CPU
		{D1607118-6FFF-4E86-9B37-73C0C5344739}.Release|x86.Build.0 = Release|Any CPU
		{EC0BB168-A555-45E9-ADE2-F272FCB0622C}.Debug|Any CPU.ActiveCfg = Debug|Any CPU
		{EC0BB168-A555-45E9-ADE2-F272FCB0622C}.Debug|Any CPU.Build.0 = Debug|Any CPU
		{EC0BB168-A555-45E9-ADE2-F272FCB0622C}.Debug|x64.ActiveCfg = Debug|Any CPU
		{EC0BB168-A555-45E9-ADE2-F272FCB0622C}.Debug|x64.Build.0 = Debug|Any CPU
		{EC0BB168-A555-45E9-ADE2-F272FCB0622C}.Debug|x86.ActiveCfg = Debug|Any CPU
		{EC0BB168-A555-45E9-ADE2-F272FCB0622C}.Debug|x86.Build.0 = Debug|Any CPU
		{EC0BB168-A555-45E9-ADE2-F272FCB0622C}.Release|Any CPU.ActiveCfg = Release|Any CPU
		{EC0BB168-A555-45E9-ADE2-F272FCB0622C}.Release|Any CPU.Build.0 = Release|Any CPU
		{EC0BB168-A555-45E9-ADE2-F272FCB0622C}.Release|x64.ActiveCfg = Release|Any CPU
		{EC0BB168-A555-45E9-ADE2-F272FCB0622C}.Release|x64.Build.0 = Release|Any CPU
		{EC0BB168-A555-45E9-ADE2-F272FCB0622C}.Release|x86.ActiveCfg = Release|Any CPU
		{EC0BB168-A555-45E9-ADE2-F272FCB0622C}.Release|x86.Build.0 = Release|Any CPU
	EndGlobalSection
EndGlobal
