
Microsoft Visual Studio Solution File, Format Version 12.00
# Visual Studio Version 16
VisualStudioVersion = 16.0.30523.141
MinimumVisualStudioVersion = 10.0.40219.1
Project("{FAE04EC0-301F-11D3-BF4B-00C04F79EFBC}") = "StudyConsole", "StudyConsole\StudyConsole.csproj", "{4DBA7E99-2AD5-4519-A14B-1954E3FF80C0}"
EndProject
Global
	GlobalSection(SolutionConfigurationPlatforms) = preSolution
		Debug|Any CPU = Debug|Any CPU
		Release|Any CPU = Release|Any CPU
	EndGlobalSection
	GlobalSection(ProjectConfigurationPlatforms) = postSolution
		{4DBA7E99-2AD5-4519-A14B-1954E3FF80C0}.Debug|Any CPU.ActiveCfg = Debug|Any CPU
		{4DBA7E99-2AD5-4519-A14B-1954E3FF80C0}.Debug|Any CPU.Build.0 = Debug|Any CPU
		{4DBA7E99-2AD5-4519-A14B-1954E3FF80C0}.Release|Any CPU.ActiveCfg = Release|Any CPU
		{4DBA7E99-2AD5-4519-A14B-1954E3FF80C0}.Release|Any CPU.Build.0 = Release|Any CPU
	EndGlobalSection
	GlobalSection(SolutionProperties) = preSolution
		HideSolutionNode = FALSE
	EndGlobalSection
	GlobalSection(ExtensibilityGlobals) = postSolution
		SolutionGuid = {6C74F19B-5D40-411F-96C4-8CBBEB1CF1DF}
	EndGlobalSection
EndGlobal
